
Microsoft Visual Studio Solution File, Format Version 12.00
# Visual Studio Version 17
VisualStudioVersion = 17.2.32519.379
MinimumVisualStudioVersion = 10.0.40219.1
Project("{FAE04EC0-301F-11D3-BF4B-00C04F79EFBC}") = "TRP PROFINET Interface", "TRP PROFINET Interface\TRP PROFINET Interface.csproj", "{BABA4348-9401-4E58-A314-A9F1CA482499}"
EndProject
Global
	GlobalSection(SolutionConfigurationPlatforms) = preSolution
		Debug|Any CPU = Debug|Any CPU
		Release|Any CPU = Release|Any CPU
	EndGlobalSection
	GlobalSection(ProjectConfigurationPlatforms) = postSolution
		{BABA4348-9401-4E58-A314-A9F1CA482499}.Debug|Any CPU.ActiveCfg = Debug|Any CPU
		{BABA4348-9401-4E58-A314-A9F1CA482499}.Debug|Any CPU.Build.0 = Debug|Any CPU
		{BABA4348-9401-4E58-A314-A9F1CA482499}.Release|Any CPU.ActiveCfg = Release|Any CPU
		{BABA4348-9401-4E58-A314-A9F1CA482499}.Release|Any CPU.Build.0 = Release|Any CPU
	EndGlobalSection
	GlobalSection(SolutionProperties) = preSolution
		HideSolutionNode = FALSE
	EndGlobalSection
	GlobalSection(ExtensibilityGlobals) = postSolution
		SolutionGuid = {F9FC5EB7-0B22-489E-A06D-2059E46BE942}
	EndGlobalSection
EndGlobal
